// !$*UTF8*$!
{
	archiveVersion = 1;
	classes = {
	};
	objectVersion = 46;
	objects = {

/* Begin PBXBuildFile section */
		84528D901532FF6600597B59 /* SortedCat.m in Sources */ = {isa = PBXBuildFile; fileRef = 84528D8F1532FF6600597B59 /* SortedCat.m */; };
		8472A781151B5A080004C5D8 /* KittenPhotoController.m in Sources */ = {isa = PBXBuildFile; fileRef = 8472A77F151B5A080004C5D8 /* KittenPhotoController.m */; };
		84D3660A152E287B0030E3D2 /* KittenTableCellController.m in Sources */ = {isa = PBXBuildFile; fileRef = 84D36609152E287B0030E3D2 /* KittenTableCellController.m */; };
		D9011145152F62CA00CFFF7C /* KittenCreateController.m in Sources */ = {isa = PBXBuildFile; fileRef = D9011144152F62CA00CFFF7C /* KittenCreateController.m */; };
		D9011147152F66E600CFFF7C /* gender.plist in Resources */ = {isa = PBXBuildFile; fileRef = D9011146152F66E600CFFF7C /* gender.plist */; };
		D9011149152F670300CFFF7C /* catshop_tz.rtf in Resources */ = {isa = PBXBuildFile; fileRef = D9011148152F670300CFFF7C /* catshop_tz.rtf */; };
		D95BAEE115260DBD0042C26E /* KittenScrollViewController.m in Sources */ = {isa = PBXBuildFile; fileRef = D95BAEE015260DBD0042C26E /* KittenScrollViewController.m */; };
		D95BAEE5152623FB0042C26E /* KittenTableViewController.m in Sources */ = {isa = PBXBuildFile; fileRef = D95BAEE4152623FB0042C26E /* KittenTableViewController.m */; };
		D9BAC552151A1A4D004EB018 /* UIKit.framework in Frameworks */ = {isa = PBXBuildFile; fileRef = D9BAC551151A1A4D004EB018 /* UIKit.framework */; };
		D9BAC554151A1A4D004EB018 /* Foundation.framework in Frameworks */ = {isa = PBXBuildFile; fileRef = D9BAC553151A1A4D004EB018 /* Foundation.framework */; };
		D9BAC556151A1A4D004EB018 /* CoreGraphics.framework in Frameworks */ = {isa = PBXBuildFile; fileRef = D9BAC555151A1A4D004EB018 /* CoreGraphics.framework */; };
		D9BAC55C151A1A4D004EB018 /* InfoPlist.strings in Resources */ = {isa = PBXBuildFile; fileRef = D9BAC55A151A1A4D004EB018 /* InfoPlist.strings */; };
		D9BAC55E151A1A4D004EB018 /* main.m in Sources */ = {isa = PBXBuildFile; fileRef = D9BAC55D151A1A4D004EB018 /* main.m */; };
		D9BAC562151A1A4D004EB018 /* AppDelegate.m in Sources */ = {isa = PBXBuildFile; fileRef = D9BAC561151A1A4D004EB018 /* AppDelegate.m */; };
		D9BAC565151A1A4D004EB018 /* MainStoryboard.storyboard in Resources */ = {isa = PBXBuildFile; fileRef = D9BAC563151A1A4D004EB018 /* MainStoryboard.storyboard */; };
		D9BAC573151A1CAF004EB018 /* catlist.plist in Resources */ = {isa = PBXBuildFile; fileRef = D9BAC572151A1CAF004EB018 /* catlist.plist */; };
		D9BAC57F151A1D43004EB018 /* cat1.jpeg in Resources */ = {isa = PBXBuildFile; fileRef = D9BAC57C151A1D43004EB018 /* cat1.jpeg */; };
		D9BAC580151A1D43004EB018 /* cat2.jpeg in Resources */ = {isa = PBXBuildFile; fileRef = D9BAC57D151A1D43004EB018 /* cat2.jpeg */; };
		D9BAC581151A1D43004EB018 /* cat3.jpeg in Resources */ = {isa = PBXBuildFile; fileRef = D9BAC57E151A1D43004EB018 /* cat3.jpeg */; };
		D9BAC588151A2AF4004EB018 /* Cat.m in Sources */ = {isa = PBXBuildFile; fileRef = D9BAC587151A2AF4004EB018 /* Cat.m */; };
		D9BAC58E151A3173004EB018 /* gender.plist in Resources */ = {isa = PBXBuildFile; fileRef = D9BAC58D151A3173004EB018 /* gender.plist */; };
		D9C2524B152B4503002387EB /* FlipViewController.m in Sources */ = {isa = PBXBuildFile; fileRef = D9C2524A152B4503002387EB /* FlipViewController.m */; };
		D9C7D82315235937008FEEAD /* cat4.jpeg in Resources */ = {isa = PBXBuildFile; fileRef = D9C7D82215235937008FEEAD /* cat4.jpeg */; };
		D9CC0A0D1522135600184556 /* KittenDescriptionController.m in Sources */ = {isa = PBXBuildFile; fileRef = D9CC0A0C1522135600184556 /* KittenDescriptionController.m */; };
/* End PBXBuildFile section */

/* Begin PBXFileReference section */
		84528D8E1532FF6600597B59 /* SortedCat.h */ = {isa = PBXFileReference; fileEncoding = 4; lastKnownFileType = sourcecode.c.h; path = SortedCat.h; sourceTree = "<group>"; };
		84528D8F1532FF6600597B59 /* SortedCat.m */ = {isa = PBXFileReference; fileEncoding = 4; lastKnownFileType = sourcecode.c.objc; path = SortedCat.m; sourceTree = "<group>"; };
		8472A77E151B5A080004C5D8 /* KittenPhotoController.h */ = {isa = PBXFileReference; fileEncoding = 4; lastKnownFileType = sourcecode.c.h; path = KittenPhotoController.h; sourceTree = "<group>"; };
		8472A77F151B5A080004C5D8 /* KittenPhotoController.m */ = {isa = PBXFileReference; fileEncoding = 4; lastKnownFileType = sourcecode.c.objc; path = KittenPhotoController.m; sourceTree = "<group>"; };
		8476EDEB152728C800E4AEB9 /* KittenTableReturnDelegate.h */ = {isa = PBXFileReference; fileEncoding = 4; lastKnownFileType = sourcecode.c.h; path = KittenTableReturnDelegate.h; sourceTree = "<group>"; };
		84D36608152E287B0030E3D2 /* KittenTableCellController.h */ = {isa = PBXFileReference; fileEncoding = 4; lastKnownFileType = sourcecode.c.h; path = KittenTableCellController.h; sourceTree = "<group>"; };
		84D36609152E287B0030E3D2 /* KittenTableCellController.m */ = {isa = PBXFileReference; fileEncoding = 4; lastKnownFileType = sourcecode.c.objc; path = KittenTableCellController.m; sourceTree = "<group>"; };
		84F67E1A1523CCE50088D118 /* KittenPhotoClickDelegate.h */ = {isa = PBXFileReference; fileEncoding = 4; lastKnownFileType = sourcecode.c.h; path = KittenPhotoClickDelegate.h; sourceTree = "<group>"; };
		D9011143152F62CA00CFFF7C /* KittenCreateController.h */ = {isa = PBXFileReference; fileEncoding = 4; lastKnownFileType = sourcecode.c.h; path = KittenCreateController.h; sourceTree = "<group>"; };
		D9011144152F62CA00CFFF7C /* KittenCreateController.m */ = {isa = PBXFileReference; fileEncoding = 4; lastKnownFileType = sourcecode.c.objc; path = KittenCreateController.m; sourceTree = "<group>"; };
		D9011146152F66E600CFFF7C /* gender.plist */ = {isa = PBXFileReference; fileEncoding = 4; lastKnownFileType = text.plist.xml; path = gender.plist; sourceTree = "<group>"; };
		D9011148152F670300CFFF7C /* catshop_tz.rtf */ = {isa = PBXFileReference; fileEncoding = 4; lastKnownFileType = text.rtf; path = catshop_tz.rtf; sourceTree = "<group>"; };
		D95BAEDF15260DBD0042C26E /* KittenScrollViewController.h */ = {isa = PBXFileReference; fileEncoding = 4; lastKnownFileType = sourcecode.c.h; path = KittenScrollViewController.h; sourceTree = "<group>"; };
		D95BAEE015260DBD0042C26E /* KittenScrollViewController.m */ = {isa = PBXFileReference; fileEncoding = 4; lastKnownFileType = sourcecode.c.objc; path = KittenScrollViewController.m; sourceTree = "<group>"; };
		D95BAEE3152623FB0042C26E /* KittenTableViewController.h */ = {isa = PBXFileReference; fileEncoding = 4; lastKnownFileType = sourcecode.c.h; path = KittenTableViewController.h; sourceTree = "<group>"; };
		D95BAEE4152623FB0042C26E /* KittenTableViewController.m */ = {isa = PBXFileReference; fileEncoding = 4; lastKnownFileType = sourcecode.c.objc; path = KittenTableViewController.m; sourceTree = "<group>"; };
		D9623FE9152B4EE10078182E /* KittenFlipperDelegate.h */ = {isa = PBXFileReference; lastKnownFileType = sourcecode.c.h; path = KittenFlipperDelegate.h; sourceTree = "<group>"; };
		D9623FEA152B4F1D0078182E /* KittenFlipperDelegateHolder.h */ = {isa = PBXFileReference; lastKnownFileType = sourcecode.c.h; path = KittenFlipperDelegateHolder.h; sourceTree = "<group>"; };
		D9BAC54D151A1A4D004EB018 /* CatShop.app */ = {isa = PBXFileReference; explicitFileType = wrapper.application; includeInIndex = 0; path = CatShop.app; sourceTree = BUILT_PRODUCTS_DIR; };
		D9BAC551151A1A4D004EB018 /* UIKit.framework */ = {isa = PBXFileReference; lastKnownFileType = wrapper.framework; name = UIKit.framework; path = System/Library/Frameworks/UIKit.framework; sourceTree = SDKROOT; };
		D9BAC553151A1A4D004EB018 /* Foundation.framework */ = {isa = PBXFileReference; lastKnownFileType = wrapper.framework; name = Foundation.framework; path = System/Library/Frameworks/Foundation.framework; sourceTree = SDKROOT; };
		D9BAC555151A1A4D004EB018 /* CoreGraphics.framework */ = {isa = PBXFileReference; lastKnownFileType = wrapper.framework; name = CoreGraphics.framework; path = System/Library/Frameworks/CoreGraphics.framework; sourceTree = SDKROOT; };
		D9BAC559151A1A4D004EB018 /* CatShop-Info.plist */ = {isa = PBXFileReference; lastKnownFileType = text.plist.xml; path = "CatShop-Info.plist"; sourceTree = "<group>"; };
		D9BAC55B151A1A4D004EB018 /* en */ = {isa = PBXFileReference; lastKnownFileType = text.plist.strings; name = en; path = en.lproj/InfoPlist.strings; sourceTree = "<group>"; };
		D9BAC55D151A1A4D004EB018 /* main.m */ = {isa = PBXFileReference; lastKnownFileType = sourcecode.c.objc; path = main.m; sourceTree = "<group>"; };
		D9BAC55F151A1A4D004EB018 /* CatShop-Prefix.pch */ = {isa = PBXFileReference; lastKnownFileType = sourcecode.c.h; path = "CatShop-Prefix.pch"; sourceTree = "<group>"; };
		D9BAC560151A1A4D004EB018 /* AppDelegate.h */ = {isa = PBXFileReference; lastKnownFileType = sourcecode.c.h; path = AppDelegate.h; sourceTree = "<group>"; };
		D9BAC561151A1A4D004EB018 /* AppDelegate.m */ = {isa = PBXFileReference; lastKnownFileType = sourcecode.c.objc; path = AppDelegate.m; sourceTree = "<group>"; };
		D9BAC564151A1A4D004EB018 /* en */ = {isa = PBXFileReference; lastKnownFileType = file.storyboard; name = en; path = en.lproj/MainStoryboard.storyboard; sourceTree = "<group>"; };
		D9BAC572151A1CAF004EB018 /* catlist.plist */ = {isa = PBXFileReference; fileEncoding = 4; lastKnownFileType = text.plist.xml; path = catlist.plist; sourceTree = "<group>"; };
		D9BAC57C151A1D43004EB018 /* cat1.jpeg */ = {isa = PBXFileReference; lastKnownFileType = image.jpeg; path = cat1.jpeg; sourceTree = "<group>"; };
		D9BAC57D151A1D43004EB018 /* cat2.jpeg */ = {isa = PBXFileReference; lastKnownFileType = image.jpeg; path = cat2.jpeg; sourceTree = "<group>"; };
		D9BAC57E151A1D43004EB018 /* cat3.jpeg */ = {isa = PBXFileReference; lastKnownFileType = image.jpeg; path = cat3.jpeg; sourceTree = "<group>"; };
		D9BAC586151A2AF4004EB018 /* Cat.h */ = {isa = PBXFileReference; fileEncoding = 4; lastKnownFileType = sourcecode.c.h; path = Cat.h; sourceTree = "<group>"; };
		D9BAC587151A2AF4004EB018 /* Cat.m */ = {isa = PBXFileReference; fileEncoding = 4; lastKnownFileType = sourcecode.c.objc; path = Cat.m; sourceTree = "<group>"; };
		D9BAC58D151A3173004EB018 /* gender.plist */ = {isa = PBXFileReference; fileEncoding = 4; lastKnownFileType = text.plist.xml; name = gender.plist; path = ../gender.plist; sourceTree = "<group>"; };
		D9C25249152B4503002387EB /* FlipViewController.h */ = {isa = PBXFileReference; fileEncoding = 4; lastKnownFileType = sourcecode.c.h; path = FlipViewController.h; sourceTree = "<group>"; };
		D9C2524A152B4503002387EB /* FlipViewController.m */ = {isa = PBXFileReference; fileEncoding = 4; lastKnownFileType = sourcecode.c.objc; path = FlipViewController.m; sourceTree = "<group>"; };
		D9C7D82215235937008FEEAD /* cat4.jpeg */ = {isa = PBXFileReference; lastKnownFileType = image.jpeg; path = cat4.jpeg; sourceTree = "<group>"; };
		D9CC0A0B1522135600184556 /* KittenDescriptionController.h */ = {isa = PBXFileReference; fileEncoding = 4; lastKnownFileType = sourcecode.c.h; path = KittenDescriptionController.h; sourceTree = "<group>"; };
		D9CC0A0C1522135600184556 /* KittenDescriptionController.m */ = {isa = PBXFileReference; fileEncoding = 4; lastKnownFileType = sourcecode.c.objc; path = KittenDescriptionController.m; sourceTree = "<group>"; };
/* End PBXFileReference section */

/* Begin PBXFrameworksBuildPhase section */
		D9BAC54A151A1A4D004EB018 /* Frameworks */ = {
			isa = PBXFrameworksBuildPhase;
			buildActionMask = 2147483647;
			files = (
				D9BAC552151A1A4D004EB018 /* UIKit.framework in Frameworks */,
				D9BAC554151A1A4D004EB018 /* Foundation.framework in Frameworks */,
				D9BAC556151A1A4D004EB018 /* CoreGraphics.framework in Frameworks */,
			);
			runOnlyForDeploymentPostprocessing = 0;
		};
/* End PBXFrameworksBuildPhase section */

/* Begin PBXGroup section */
		8472A784151B5A8A0004C5D8 /* Model */ = {
			isa = PBXGroup;
			children = (
				D9BAC586151A2AF4004EB018 /* Cat.h */,
				D9BAC587151A2AF4004EB018 /* Cat.m */,
				84528D8E1532FF6600597B59 /* SortedCat.h */,
				84528D8F1532FF6600597B59 /* SortedCat.m */,
			);
			name = Model;
			sourceTree = "<group>";
		};
		8472A786151B5AAC0004C5D8 /* Enlarge */ = {
			isa = PBXGroup;
			children = (
				84F67E1A1523CCE50088D118 /* KittenPhotoClickDelegate.h */,
				8472A77E151B5A080004C5D8 /* KittenPhotoController.h */,
				8472A77F151B5A080004C5D8 /* KittenPhotoController.m */,
			);
			name = Enlarge;
			sourceTree = "<group>";
		};
		8472A787151B5ACD0004C5D8 /* Main */ = {
			isa = PBXGroup;
			children = (
				D9BAC560151A1A4D004EB018 /* AppDelegate.h */,
				D9BAC561151A1A4D004EB018 /* AppDelegate.m */,
				D9BAC563151A1A4D004EB018 /* MainStoryboard.storyboard */,
			);
			name = Main;
			sourceTree = "<group>";
		};
		84D3660C152E287F0030E3D2 /* cell */ = {
			isa = PBXGroup;
			children = (
				84D36608152E287B0030E3D2 /* KittenTableCellController.h */,
				84D36609152E287B0030E3D2 /* KittenTableCellController.m */,
			);
			name = cell;
			sourceTree = "<group>";
		};
		D9011142152F627800CFFF7C /* KittenCreateController */ = {
			isa = PBXGroup;
			children = (
				D9011143152F62CA00CFFF7C /* KittenCreateController.h */,
				D9011144152F62CA00CFFF7C /* KittenCreateController.m */,
			);
			name = KittenCreateController;
			sourceTree = "<group>";
		};
		D95BAEDD15260D8B0042C26E /* ScrollView */ = {
			isa = PBXGroup;
			children = (
				D95BAEDF15260DBD0042C26E /* KittenScrollViewController.h */,
				D95BAEE015260DBD0042C26E /* KittenScrollViewController.m */,
			);
			name = ScrollView;
			sourceTree = "<group>";
		};
		D95BAEE2152623D20042C26E /* TableView */ = {
			isa = PBXGroup;
			children = (
				84D3660C152E287F0030E3D2 /* cell */,
				8476EDEB152728C800E4AEB9 /* KittenTableReturnDelegate.h */,
				D95BAEE3152623FB0042C26E /* KittenTableViewController.h */,
				D95BAEE4152623FB0042C26E /* KittenTableViewController.m */,
			);
			name = TableView;
			sourceTree = "<group>";
		};
		D9BAC542151A1A4D004EB018 = {
			isa = PBXGroup;
			children = (
				D9BAC557151A1A4D004EB018 /* CatShop */,
				D9BAC550151A1A4D004EB018 /* Frameworks */,
				D9BAC54E151A1A4D004EB018 /* Products */,
			);
			sourceTree = "<group>";
		};
		D9BAC54E151A1A4D004EB018 /* Products */ = {
			isa = PBXGroup;
			children = (
				D9BAC54D151A1A4D004EB018 /* CatShop.app */,
			);
			name = Products;
			sourceTree = "<group>";
		};
		D9BAC550151A1A4D004EB018 /* Frameworks */ = {
			isa = PBXGroup;
			children = (
				D9BAC551151A1A4D004EB018 /* UIKit.framework */,
				D9BAC553151A1A4D004EB018 /* Foundation.framework */,
				D9BAC555151A1A4D004EB018 /* CoreGraphics.framework */,
			);
			name = Frameworks;
			sourceTree = "<group>";
		};
		D9BAC557151A1A4D004EB018 /* CatShop */ = {
			isa = PBXGroup;
			children = (
				D9C25247152B44C3002387EB /* FlipController */,
				D95BAEE2152623D20042C26E /* TableView */,
				D95BAEDD15260D8B0042C26E /* ScrollView */,
				D9CC0A0F1522135A00184556 /* KittenDescription */,
				8472A786151B5AAC0004C5D8 /* Enlarge */,
				D9011142152F627800CFFF7C /* KittenCreateController */,
				8472A784151B5A8A0004C5D8 /* Model */,
				8472A787151B5ACD0004C5D8 /* Main */,
				D9BAC57B151A1D3A004EB018 /* cats */,
				D9BAC572151A1CAF004EB018 /* catlist.plist */,
				D9BAC58D151A3173004EB018 /* gender.plist */,
				D9BAC558151A1A4D004EB018 /* Supporting Files */,
			);
			path = CatShop;
			sourceTree = "<group>";
		};
		D9BAC558151A1A4D004EB018 /* Supporting Files */ = {
			isa = PBXGroup;
			children = (
				D9011148152F670300CFFF7C /* catshop_tz.rtf */,
				D9011146152F66E600CFFF7C /* gender.plist */,
				D9BAC559151A1A4D004EB018 /* CatShop-Info.plist */,
				D9BAC55A151A1A4D004EB018 /* InfoPlist.strings */,
				D9BAC55D151A1A4D004EB018 /* main.m */,
				D9BAC55F151A1A4D004EB018 /* CatShop-Prefix.pch */,
			);
			name = "Supporting Files";
			sourceTree = "<group>";
		};
		D9BAC57B151A1D3A004EB018 /* cats */ = {
			isa = PBXGroup;
			children = (
				D9C7D82215235937008FEEAD /* cat4.jpeg */,
				D9BAC57C151A1D43004EB018 /* cat1.jpeg */,
				D9BAC57D151A1D43004EB018 /* cat2.jpeg */,
				D9BAC57E151A1D43004EB018 /* cat3.jpeg */,
			);
			name = cats;
			sourceTree = "<group>";
		};
		D9C25247152B44C3002387EB /* FlipController */ = {
			isa = PBXGroup;
			children = (
				D9623FE9152B4EE10078182E /* KittenFlipperDelegate.h */,
				D9623FEA152B4F1D0078182E /* KittenFlipperDelegateHolder.h */,
				D9C25249152B4503002387EB /* FlipViewController.h */,
				D9C2524A152B4503002387EB /* FlipViewController.m */,
			);
			name = FlipController;
			sourceTree = "<group>";
		};
		D9CC0A0F1522135A00184556 /* KittenDescription */ = {
			isa = PBXGroup;
			children = (
				D9CC0A0B1522135600184556 /* KittenDescriptionController.h */,
				D9CC0A0C1522135600184556 /* KittenDescriptionController.m */,
			);
			name = KittenDescription;
			sourceTree = "<group>";
		};
/* End PBXGroup section */

/* Begin PBXNativeTarget section */
		D9BAC54C151A1A4D004EB018 /* CatShop */ = {
			isa = PBXNativeTarget;
			buildConfigurationList = D9BAC56B151A1A4D004EB018 /* Build configuration list for PBXNativeTarget "CatShop" */;
			buildPhases = (
				D9BAC549151A1A4D004EB018 /* Sources */,
				D9BAC54A151A1A4D004EB018 /* Frameworks */,
				D9BAC54B151A1A4D004EB018 /* Resources */,
			);
			buildRules = (
			);
			dependencies = (
			);
			name = CatShop;
			productName = CatShop;
			productReference = D9BAC54D151A1A4D004EB018 /* CatShop.app */;
			productType = "com.apple.product-type.application";
		};
/* End PBXNativeTarget section */

/* Begin PBXProject section */
		D9BAC544151A1A4D004EB018 /* Project object */ = {
			isa = PBXProject;
			attributes = {
				LastUpgradeCheck = 0430;
			};
			buildConfigurationList = D9BAC547151A1A4D004EB018 /* Build configuration list for PBXProject "CatShop" */;
			compatibilityVersion = "Xcode 3.2";
			developmentRegion = English;
			hasScannedForEncodings = 0;
			knownRegions = (
				en,
			);
			mainGroup = D9BAC542151A1A4D004EB018;
			productRefGroup = D9BAC54E151A1A4D004EB018 /* Products */;
			projectDirPath = "";
			projectRoot = "";
			targets = (
				D9BAC54C151A1A4D004EB018 /* CatShop */,
			);
		};
/* End PBXProject section */

/* Begin PBXResourcesBuildPhase section */
		D9BAC54B151A1A4D004EB018 /* Resources */ = {
			isa = PBXResourcesBuildPhase;
			buildActionMask = 2147483647;
			files = (
				D9BAC55C151A1A4D004EB018 /* InfoPlist.strings in Resources */,
				D9BAC565151A1A4D004EB018 /* MainStoryboard.storyboard in Resources */,
				D9BAC573151A1CAF004EB018 /* catlist.plist in Resources */,
				D9BAC57F151A1D43004EB018 /* cat1.jpeg in Resources */,
				D9BAC580151A1D43004EB018 /* cat2.jpeg in Resources */,
				D9BAC581151A1D43004EB018 /* cat3.jpeg in Resources */,
				D9BAC58E151A3173004EB018 /* gender.plist in Resources */,
				D9C7D82315235937008FEEAD /* cat4.jpeg in Resources */,
				D9011147152F66E600CFFF7C /* gender.plist in Resources */,
				D9011149152F670300CFFF7C /* catshop_tz.rtf in Resources */,
			);
			runOnlyForDeploymentPostprocessing = 0;
		};
/* End PBXResourcesBuildPhase section */

/* Begin PBXSourcesBuildPhase section */
		D9BAC549151A1A4D004EB018 /* Sources */ = {
			isa = PBXSourcesBuildPhase;
			buildActionMask = 2147483647;
			files = (
				D9BAC55E151A1A4D004EB018 /* main.m in Sources */,
				D9BAC562151A1A4D004EB018 /* AppDelegate.m in Sources */,
				D9BAC588151A2AF4004EB018 /* Cat.m in Sources */,
				8472A781151B5A080004C5D8 /* KittenPhotoController.m in Sources */,
				D9CC0A0D1522135600184556 /* KittenDescriptionController.m in Sources */,
				D95BAEE115260DBD0042C26E /* KittenScrollViewController.m in Sources */,
				D95BAEE5152623FB0042C26E /* KittenTableViewController.m in Sources */,
				D9C2524B152B4503002387EB /* FlipViewController.m in Sources */,
				84D3660A152E287B0030E3D2 /* KittenTableCellController.m in Sources */,
				D9011145152F62CA00CFFF7C /* KittenCreateController.m in Sources */,
				84528D901532FF6600597B59 /* SortedCat.m in Sources */,
			);
			runOnlyForDeploymentPostprocessing = 0;
		};
/* End PBXSourcesBuildPhase section */

/* Begin PBXVariantGroup section */
		D9BAC55A151A1A4D004EB018 /* InfoPlist.strings */ = {
			isa = PBXVariantGroup;
			children = (
				D9BAC55B151A1A4D004EB018 /* en */,
			);
			name = InfoPlist.strings;
			sourceTree = "<group>";
		};
		D9BAC563151A1A4D004EB018 /* MainStoryboard.storyboard */ = {
			isa = PBXVariantGroup;
			children = (
				D9BAC564151A1A4D004EB018 /* en */,
			);
			name = MainStoryboard.storyboard;
			sourceTree = "<group>";
		};
/* End PBXVariantGroup section */

/* Begin XCBuildConfiguration section */
		D9BAC569151A1A4D004EB018 /* Debug */ = {
			isa = XCBuildConfiguration;
			buildSettings = {
				ALWAYS_SEARCH_USER_PATHS = NO;
				ARCHS = "$(ARCHS_STANDARD_32_BIT)";
				CLANG_ENABLE_OBJC_ARC = YES;
				"CODE_SIGN_IDENTITY[sdk=iphoneos*]" = "iPhone Developer";
				COPY_PHASE_STRIP = NO;
				GCC_C_LANGUAGE_STANDARD = gnu99;
				GCC_DYNAMIC_NO_PIC = NO;
				GCC_OPTIMIZATION_LEVEL = 0;
				GCC_PREPROCESSOR_DEFINITIONS = (
					"DEBUG=1",
					"$(inherited)",
				);
				GCC_SYMBOLS_PRIVATE_EXTERN = NO;
				GCC_VERSION = com.apple.compilers.llvm.clang.1_0;
				GCC_WARN_ABOUT_RETURN_TYPE = YES;
				GCC_WARN_UNINITIALIZED_AUTOS = YES;
				GCC_WARN_UNUSED_VARIABLE = YES;
				IPHONEOS_DEPLOYMENT_TARGET = 5.0;
				SDKROOT = iphoneos;
			};
			name = Debug;
		};
		D9BAC56A151A1A4D004EB018 /* Release */ = {
			isa = XCBuildConfiguration;
			buildSettings = {
				ALWAYS_SEARCH_USER_PATHS = NO;
				ARCHS = "$(ARCHS_STANDARD_32_BIT)";
				CLANG_ENABLE_OBJC_ARC = YES;
				"CODE_SIGN_IDENTITY[sdk=iphoneos*]" = "iPhone Developer";
				COPY_PHASE_STRIP = YES;
				GCC_C_LANGUAGE_STANDARD = gnu99;
				GCC_VERSION = com.apple.compilers.llvm.clang.1_0;
				GCC_WARN_ABOUT_RETURN_TYPE = YES;
				GCC_WARN_UNINITIALIZED_AUTOS = YES;
				GCC_WARN_UNUSED_VARIABLE = YES;
				IPHONEOS_DEPLOYMENT_TARGET = 5.0;
				OTHER_CFLAGS = "-DNS_BLOCK_ASSERTIONS=1";
				SDKROOT = iphoneos;
				VALIDATE_PRODUCT = YES;
			};
			name = Release;
		};
		D9BAC56C151A1A4D004EB018 /* Debug */ = {
			isa = XCBuildConfiguration;
			buildSettings = {
				GCC_PRECOMPILE_PREFIX_HEADER = YES;
				GCC_PREFIX_HEADER = "CatShop/CatShop-Prefix.pch";
				INFOPLIST_FILE = "CatShop/CatShop-Info.plist";
				PRODUCT_NAME = "$(TARGET_NAME)";
				WRAPPER_EXTENSION = app;
			};
			name = Debug;
		};
		D9BAC56D151A1A4D004EB018 /* Release */ = {
			isa = XCBuildConfiguration;
			buildSettings = {
				GCC_PRECOMPILE_PREFIX_HEADER = YES;
				GCC_PREFIX_HEADER = "CatShop/CatShop-Prefix.pch";
				INFOPLIST_FILE = "CatShop/CatShop-Info.plist";
				PRODUCT_NAME = "$(TARGET_NAME)";
				WRAPPER_EXTENSION = app;
			};
			name = Release;
		};
/* End XCBuildConfiguration section */

/* Begin XCConfigurationList section */
		D9BAC547151A1A4D004EB018 /* Build configuration list for PBXProject "CatShop" */ = {
			isa = XCConfigurationList;
			buildConfigurations = (
				D9BAC569151A1A4D004EB018 /* Debug */,
				D9BAC56A151A1A4D004EB018 /* Release */,
			);
			defaultConfigurationIsVisible = 0;
			defaultConfigurationName = Release;
		};
		D9BAC56B151A1A4D004EB018 /* Build configuration list for PBXNativeTarget "CatShop" */ = {
			isa = XCConfigurationList;
			buildConfigurations = (
				D9BAC56C151A1A4D004EB018 /* Debug */,
				D9BAC56D151A1A4D004EB018 /* Release */,
			);
			defaultConfigurationIsVisible = 0;
			defaultConfigurationName = Release;
		};
/* End XCConfigurationList section */
	};
	rootObject = D9BAC544151A1A4D004EB018 /* Project object */;
}
